<?xml version="1.0" encoding="UTF-8"?>
<Scheme
   version = "1.3">
   <BuildAction>
      <BuildActionEntries>
         <BuildActionEntry
            buildForRunning = "YES">
            <BuildableReference
               BuildableIdentifier = "primary"
               BlueprintIdentifier = "E66511F4288F1D5C0099DB86"
               BuildableName = "FoodySwiftUI.app"
               BlueprintName = "FoodySwiftUI"
               ReferencedContainer = "container:FoodySwiftUI.xcodeproj">
            </BuildableReference>
         </BuildActionEntry>
      </BuildActionEntries>
   </BuildAction>
   <LaunchAction
      useCustomWorkingDirectory = "NO"
      buildConfiguration = "Debug"
      allowLocationSimulation = "YES">
      <BuildableProductRunnable>
         <BuildableReference
            BuildableIdentifier = "primary"
            BlueprintIdentifier = "E66511F4288F1D5C0099DB86"
            BuildableName = "FoodySwiftUI.app"
            BlueprintName = "FoodySwiftUI"
            ReferencedContainer = "container:FoodySwiftUI.xcodeproj">
         </BuildableReference>
      </BuildableProductRunnable>
   </LaunchAction>
</Scheme>
