// !$*UTF8*$!
{
	archiveVersion = 1;
	classes = {
	};
	objectVersion = 55;
	objects = {

/* Begin PBXBuildFile section */
		E6490D1F28903F6400A3F281 /* HomeListViewModel.swift in Sources */ = {isa = PBXBuildFile; fileRef = E6490D1E28903F6400A3F281 /* HomeListViewModel.swift */; };
		E6490D2228903FA600A3F281 /* HomeUIModels.swift in Sources */ = {isa = PBXBuildFile; fileRef = E6490D2128903FA600A3F281 /* HomeUIModels.swift */; };
		E6490D2A289043BF00A3F281 /* AlertView.swift in Sources */ = {isa = PBXBuildFile; fileRef = E6490D29289043BF00A3F281 /* AlertView.swift */; };
		E6490D2C2890457300A3F281 /* Alerts.swift in Sources */ = {isa = PBXBuildFile; fileRef = E6490D2B2890457300A3F281 /* Alerts.swift */; };
		E6490D2F28906D7200A3F281 /* ActivityIndicator.swift in Sources */ = {isa = PBXBuildFile; fileRef = E6490D2E28906D7200A3F281 /* ActivityIndicator.swift */; };
		E6490D3328906E4E00A3F281 /* Color+Extension.swift in Sources */ = {isa = PBXBuildFile; fileRef = E6490D3228906E4E00A3F281 /* Color+Extension.swift */; };
		E6490D3D2890781D00A3F281 /* RemoteImage.swift in Sources */ = {isa = PBXBuildFile; fileRef = E6490D3C2890781D00A3F281 /* RemoteImage.swift */; };
		E66511F9288F1D5C0099DB86 /* FoodySwiftUIApp.swift in Sources */ = {isa = PBXBuildFile; fileRef = E66511F8288F1D5C0099DB86 /* FoodySwiftUIApp.swift */; };
		E66511FB288F1D5C0099DB86 /* HomeTabView.swift in Sources */ = {isa = PBXBuildFile; fileRef = E66511FA288F1D5C0099DB86 /* HomeTabView.swift */; };
		E66511FD288F1D5F0099DB86 /* Assets.xcassets in Resources */ = {isa = PBXBuildFile; fileRef = E66511FC288F1D5F0099DB86 /* Assets.xcassets */; };
		E6651200288F1D5F0099DB86 /* Preview Assets.xcassets in Resources */ = {isa = PBXBuildFile; fileRef = E66511FF288F1D5F0099DB86 /* Preview Assets.xcassets */; };
		E6651207288F1EB30099DB86 /* HomeListView.swift in Sources */ = {isa = PBXBuildFile; fileRef = E6651206288F1EB30099DB86 /* HomeListView.swift */; };
		E6651209288F1F230099DB86 /* AccountView.swift in Sources */ = {isa = PBXBuildFile; fileRef = E6651208288F1F230099DB86 /* AccountView.swift */; };
		E665120B288F1F2E0099DB86 /* OrdersView.swift in Sources */ = {isa = PBXBuildFile; fileRef = E665120A288F1F2E0099DB86 /* OrdersView.swift */; };
		E665120E288F2BCB0099DB86 /* FoodyModels.swift in Sources */ = {isa = PBXBuildFile; fileRef = E665120D288F2BCB0099DB86 /* FoodyModels.swift */; };
		E6651212288F2D0D0099DB86 /* FoodyRemote.swift in Sources */ = {isa = PBXBuildFile; fileRef = E6651211288F2D0D0099DB86 /* FoodyRemote.swift */; };
		E6651214288F3F4B0099DB86 /* FoodyItemView.swift in Sources */ = {isa = PBXBuildFile; fileRef = E6651213288F3F4B0099DB86 /* FoodyItemView.swift */; };
		E6691D6B288F767600C0C873 /* NetworkManager.swift in Sources */ = {isa = PBXBuildFile; fileRef = E6691D6A288F767600C0C873 /* NetworkManager.swift */; };
		E6691D6D288F774800C0C873 /* FoodyError.swift in Sources */ = {isa = PBXBuildFile; fileRef = E6691D6C288F774800C0C873 /* FoodyError.swift */; };
/* End PBXBuildFile section */

/* Begin PBXFileReference section */
		E6490D1E28903F6400A3F281 /* HomeListViewModel.swift */ = {isa = PBXFileReference; lastKnownFileType = sourcecode.swift; path = HomeListViewModel.swift; sourceTree = "<group>"; };
		E6490D2128903FA600A3F281 /* HomeUIModels.swift */ = {isa = PBXFileReference; lastKnownFileType = sourcecode.swift; path = HomeUIModels.swift; sourceTree = "<group>"; };
		E6490D29289043BF00A3F281 /* AlertView.swift */ = {isa = PBXFileReference; lastKnownFileType = sourcecode.swift; path = AlertView.swift; sourceTree = "<group>"; };
		E6490D2B2890457300A3F281 /* Alerts.swift */ = {isa = PBXFileReference; lastKnownFileType = sourcecode.swift; path = Alerts.swift; sourceTree = "<group>"; };
		E6490D2E28906D7200A3F281 /* ActivityIndicator.swift */ = {isa = PBXFileReference; lastKnownFileType = sourcecode.swift; path = ActivityIndicator.swift; sourceTree = "<group>"; };
		E6490D3228906E4E00A3F281 /* Color+Extension.swift */ = {isa = PBXFileReference; lastKnownFileType = sourcecode.swift; path = "Color+Extension.swift"; sourceTree = "<group>"; };
		E6490D3C2890781D00A3F281 /* RemoteImage.swift */ = {isa = PBXFileReference; lastKnownFileType = sourcecode.swift; path = RemoteImage.swift; sourceTree = "<group>"; };
		E66511F5288F1D5C0099DB86 /* FoodySwiftUI.app */ = {isa = PBXFileReference; explicitFileType = wrapper.application; includeInIndex = 0; path = FoodySwiftUI.app; sourceTree = BUILT_PRODUCTS_DIR; };
		E66511F8288F1D5C0099DB86 /* FoodySwiftUIApp.swift */ = {isa = PBXFileReference; lastKnownFileType = sourcecode.swift; path = FoodySwiftUIApp.swift; sourceTree = "<group>"; };
		E66511FA288F1D5C0099DB86 /* HomeTabView.swift */ = {isa = PBXFileReference; lastKnownFileType = sourcecode.swift; path = HomeTabView.swift; sourceTree = "<group>"; };
		E66511FC288F1D5F0099DB86 /* Assets.xcassets */ = {isa = PBXFileReference; lastKnownFileType = folder.assetcatalog; path = Assets.xcassets; sourceTree = "<group>"; };
		E66511FF288F1D5F0099DB86 /* Preview Assets.xcassets */ = {isa = PBXFileReference; lastKnownFileType = folder.assetcatalog; path = "Preview Assets.xcassets"; sourceTree = "<group>"; };
		E6651206288F1EB30099DB86 /* HomeListView.swift */ = {isa = PBXFileReference; lastKnownFileType = sourcecode.swift; path = HomeListView.swift; sourceTree = "<group>"; };
		E6651208288F1F230099DB86 /* AccountView.swift */ = {isa = PBXFileReference; lastKnownFileType = sourcecode.swift; path = AccountView.swift; sourceTree = "<group>"; };
		E665120A288F1F2E0099DB86 /* OrdersView.swift */ = {isa = PBXFileReference; lastKnownFileType = sourcecode.swift; path = OrdersView.swift; sourceTree = "<group>"; };
		E665120D288F2BCB0099DB86 /* FoodyModels.swift */ = {isa = PBXFileReference; lastKnownFileType = sourcecode.swift; path = FoodyModels.swift; sourceTree = "<group>"; };
		E6651211288F2D0D0099DB86 /* FoodyRemote.swift */ = {isa = PBXFileReference; lastKnownFileType = sourcecode.swift; path = FoodyRemote.swift; sourceTree = "<group>"; };
		E6651213288F3F4B0099DB86 /* FoodyItemView.swift */ = {isa = PBXFileReference; lastKnownFileType = sourcecode.swift; path = FoodyItemView.swift; sourceTree = "<group>"; };
		E6691D6A288F767600C0C873 /* NetworkManager.swift */ = {isa = PBXFileReference; lastKnownFileType = sourcecode.swift; path = NetworkManager.swift; sourceTree = "<group>"; };
		E6691D6C288F774800C0C873 /* FoodyError.swift */ = {isa = PBXFileReference; lastKnownFileType = sourcecode.swift; path = FoodyError.swift; sourceTree = "<group>"; };
/* End PBXFileReference section */

/* Begin PBXFrameworksBuildPhase section */
		E66511F2288F1D5C0099DB86 /* Frameworks */ = {
			isa = PBXFrameworksBuildPhase;
			buildActionMask = 2147483647;
			files = (
			);
			runOnlyForDeploymentPostprocessing = 0;
		};
/* End PBXFrameworksBuildPhase section */

/* Begin PBXGroup section */
		E6490D1D28903F3F00A3F281 /* viewmodel */ = {
			isa = PBXGroup;
			children = (
				E6490D1E28903F6400A3F281 /* HomeListViewModel.swift */,
			);
			path = viewmodel;
			sourceTree = "<group>";
		};
		E6490D2028903F9A00A3F281 /* ui */ = {
			isa = PBXGroup;
			children = (
				E6490D2128903FA600A3F281 /* HomeUIModels.swift */,
				E6490D2B2890457300A3F281 /* Alerts.swift */,
			);
			path = ui;
			sourceTree = "<group>";
		};
		E6490D232890434100A3F281 /* views */ = {
			isa = PBXGroup;
			children = (
				E6490D282890437B00A3F281 /* alerts */,
				E6490D242890434A00A3F281 /* uiviews */,
			);
			path = views;
			sourceTree = "<group>";
		};
		E6490D242890434A00A3F281 /* uiviews */ = {
			isa = PBXGroup;
			children = (
				E6490D272890437100A3F281 /* orders */,
				E6490D262890436900A3F281 /* account */,
				E6490D252890435400A3F281 /* home */,
			);
			path = uiviews;
			sourceTree = "<group>";
		};
		E6490D252890435400A3F281 /* home */ = {
			isa = PBXGroup;
			children = (
				E6490D1D28903F3F00A3F281 /* viewmodel */,
				E66511FA288F1D5C0099DB86 /* HomeTabView.swift */,
				E6651206288F1EB30099DB86 /* HomeListView.swift */,
				E6490D2E28906D7200A3F281 /* ActivityIndicator.swift */,
			);
			path = home;
			sourceTree = "<group>";
		};
		E6490D262890436900A3F281 /* account */ = {
			isa = PBXGroup;
			children = (
				E6651208288F1F230099DB86 /* AccountView.swift */,
			);
			path = account;
			sourceTree = "<group>";
		};
		E6490D272890437100A3F281 /* orders */ = {
			isa = PBXGroup;
			children = (
				E665120A288F1F2E0099DB86 /* OrdersView.swift */,
			);
			path = orders;
			sourceTree = "<group>";
		};
		E6490D282890437B00A3F281 /* alerts */ = {
			isa = PBXGroup;
			children = (
				E6490D29289043BF00A3F281 /* AlertView.swift */,
			);
			path = alerts;
			sourceTree = "<group>";
		};
		E6490D3028906E3C00A3F281 /* foundation */ = {
			isa = PBXGroup;
			children = (
				E6490D342890734400A3F281 /* network */,
				E6490D3128906E4300A3F281 /* uiextensions */,
			);
			path = foundation;
			sourceTree = "<group>";
		};
		E6490D3128906E4300A3F281 /* uiextensions */ = {
			isa = PBXGroup;
			children = (
				E6490D3228906E4E00A3F281 /* Color+Extension.swift */,
				E6490D3C2890781D00A3F281 /* RemoteImage.swift */,
			);
			path = uiextensions;
			sourceTree = "<group>";
		};
		E6490D342890734400A3F281 /* network */ = {
			isa = PBXGroup;
			children = (
				E6691D6A288F767600C0C873 /* NetworkManager.swift */,
			);
			path = network;
			sourceTree = "<group>";
		};
		E66511EC288F1D5C0099DB86 = {
			isa = PBXGroup;
			children = (
				E66511F7288F1D5C0099DB86 /* FoodySwiftUI */,
				E66511F6288F1D5C0099DB86 /* Products */,
			);
			sourceTree = "<group>";
		};
		E66511F6288F1D5C0099DB86 /* Products */ = {
			isa = PBXGroup;
			children = (
				E66511F5288F1D5C0099DB86 /* FoodySwiftUI.app */,
			);
			name = Products;
			sourceTree = "<group>";
		};
		E66511F7288F1D5C0099DB86 /* FoodySwiftUI */ = {
			isa = PBXGroup;
			children = (
				E6490D3028906E3C00A3F281 /* foundation */,
				E6490D232890434100A3F281 /* views */,
				E6691D69288F765D00C0C873 /* data */,
				E665120C288F2BBE0099DB86 /* models */,
				E66511F8288F1D5C0099DB86 /* FoodySwiftUIApp.swift */,
				E66511FC288F1D5F0099DB86 /* Assets.xcassets */,
				E66511FE288F1D5F0099DB86 /* Preview Content */,
				E6651213288F3F4B0099DB86 /* FoodyItemView.swift */,
			);
			path = FoodySwiftUI;
			sourceTree = "<group>";
		};
		E66511FE288F1D5F0099DB86 /* Preview Content */ = {
			isa = PBXGroup;
			children = (
				E66511FF288F1D5F0099DB86 /* Preview Assets.xcassets */,
			);
			path = "Preview Content";
			sourceTree = "<group>";
		};
		E665120C288F2BBE0099DB86 /* models */ = {
			isa = PBXGroup;
			children = (
				E6490D2028903F9A00A3F281 /* ui */,
				E6651210288F2CCF0099DB86 /* remote */,
				E665120F288F2CA20099DB86 /* domain */,
			);
			path = models;
			sourceTree = "<group>";
		};
		E665120F288F2CA20099DB86 /* domain */ = {
			isa = PBXGroup;
			children = (
				E665120D288F2BCB0099DB86 /* FoodyModels.swift */,
			);
			path = domain;
			sourceTree = "<group>";
		};
		E6651210288F2CCF0099DB86 /* remote */ = {
			isa = PBXGroup;
			children = (
				E6651211288F2D0D0099DB86 /* FoodyRemote.swift */,
			);
			path = remote;
			sourceTree = "<group>";
		};
		E6691D69288F765D00C0C873 /* data */ = {
			isa = PBXGroup;
			children = (
				E6691D6C288F774800C0C873 /* FoodyError.swift */,
			);
			path = data;
			sourceTree = "<group>";
		};
/* End PBXGroup section */

/* Begin PBXNativeTarget section */
		E66511F4288F1D5C0099DB86 /* FoodySwiftUI */ = {
			isa = PBXNativeTarget;
			buildConfigurationList = E6651203288F1D5F0099DB86 /* Build configuration list for PBXNativeTarget "FoodySwiftUI" */;
			buildPhases = (
				E66511F1288F1D5C0099DB86 /* Sources */,
				E66511F2288F1D5C0099DB86 /* Frameworks */,
				E66511F3288F1D5C0099DB86 /* Resources */,
			);
			buildRules = (
			);
			dependencies = (
			);
			name = FoodySwiftUI;
			productName = FoodySwiftUI;
			productReference = E66511F5288F1D5C0099DB86 /* FoodySwiftUI.app */;
			productType = "com.apple.product-type.application";
		};
/* End PBXNativeTarget section */

/* Begin PBXProject section */
		E66511ED288F1D5C0099DB86 /* Project object */ = {
			isa = PBXProject;
			attributes = {
				BuildIndependentTargetsInParallel = 1;
				LastSwiftUpdateCheck = 1340;
				LastUpgradeCheck = 1340;
				TargetAttributes = {
					E66511F4288F1D5C0099DB86 = {
						CreatedOnToolsVersion = 13.4.1;
					};
				};
			};
			buildConfigurationList = E66511F0288F1D5C0099DB86 /* Build configuration list for PBXProject "FoodySwiftUI" */;
			compatibilityVersion = "Xcode 13.0";
			developmentRegion = en;
			hasScannedForEncodings = 0;
			knownRegions = (
				en,
				Base,
			);
			mainGroup = E66511EC288F1D5C0099DB86;
			productRefGroup = E66511F6288F1D5C0099DB86 /* Products */;
			projectDirPath = "";
			projectRoot = "";
			targets = (
				E66511F4288F1D5C0099DB86 /* FoodySwiftUI */,
			);
		};
/* End PBXProject section */

/* Begin PBXResourcesBuildPhase section */
		E66511F3288F1D5C0099DB86 /* Resources */ = {
			isa = PBXResourcesBuildPhase;
			buildActionMask = 2147483647;
			files = (
				E6651200288F1D5F0099DB86 /* Preview Assets.xcassets in Resources */,
				E66511FD288F1D5F0099DB86 /* Assets.xcassets in Resources */,
			);
			runOnlyForDeploymentPostprocessing = 0;
		};
/* End PBXResourcesBuildPhase section */

/* Begin PBXSourcesBuildPhase section */
		E66511F1288F1D5C0099DB86 /* Sources */ = {
			isa = PBXSourcesBuildPhase;
			buildActionMask = 2147483647;
			files = (
				E6691D6B288F767600C0C873 /* NetworkManager.swift in Sources */,
				E6490D3D2890781D00A3F281 /* RemoteImage.swift in Sources */,
				E6490D2F28906D7200A3F281 /* ActivityIndicator.swift in Sources */,
				E6651209288F1F230099DB86 /* AccountView.swift in Sources */,
				E6651214288F3F4B0099DB86 /* FoodyItemView.swift in Sources */,
				E6651207288F1EB30099DB86 /* HomeListView.swift in Sources */,
				E6490D2228903FA600A3F281 /* HomeUIModels.swift in Sources */,
				E6490D1F28903F6400A3F281 /* HomeListViewModel.swift in Sources */,
				E6490D3328906E4E00A3F281 /* Color+Extension.swift in Sources */,
				E6691D6D288F774800C0C873 /* FoodyError.swift in Sources */,
				E6651212288F2D0D0099DB86 /* FoodyRemote.swift in Sources */,
				E6490D2A289043BF00A3F281 /* AlertView.swift in Sources */,
				E66511FB288F1D5C0099DB86 /* HomeTabView.swift in Sources */,
				E665120E288F2BCB0099DB86 /* FoodyModels.swift in Sources */,
				E66511F9288F1D5C0099DB86 /* FoodySwiftUIApp.swift in Sources */,
				E6490D2C2890457300A3F281 /* Alerts.swift in Sources */,
				E665120B288F1F2E0099DB86 /* OrdersView.swift in Sources */,
			);
			runOnlyForDeploymentPostprocessing = 0;
		};
/* End PBXSourcesBuildPhase section */

/* Begin XCBuildConfiguration section */
		E6651201288F1D5F0099DB86 /* Debug */ = {
			isa = XCBuildConfiguration;
			buildSettings = {
				ALWAYS_SEARCH_USER_PATHS = NO;
				CLANG_ANALYZER_NONNULL = YES;
				CLANG_ANALYZER_NUMBER_OBJECT_CONVERSION = YES_AGGRESSIVE;
				CLANG_CXX_LANGUAGE_STANDARD = "gnu++17";
				CLANG_ENABLE_MODULES = YES;
				CLANG_ENABLE_OBJC_ARC = YES;
				CLANG_ENABLE_OBJC_WEAK = YES;
				CLANG_WARN_BLOCK_CAPTURE_AUTORELEASING = YES;
				CLANG_WARN_BOOL_CONVERSION = YES;
				CLANG_WARN_COMMA = YES;
				CLANG_WARN_CONSTANT_CONVERSION = YES;
				CLANG_WARN_DEPRECATED_OBJC_IMPLEMENTATIONS = YES;
				CLANG_WARN_DIRECT_OBJC_ISA_USAGE = YES_ERROR;
				CLANG_WARN_DOCUMENTATION_COMMENTS = YES;
				CLANG_WARN_EMPTY_BODY = YES;
				CLANG_WARN_ENUM_CONVERSION = YES;
				CLANG_WARN_INFINITE_RECURSION = YES;
				CLANG_WARN_INT_CONVERSION = YES;
				CLANG_WARN_NON_LITERAL_NULL_CONVERSION = YES;
				CLANG_WARN_OBJC_IMPLICIT_RETAIN_SELF = YES;
				CLANG_WARN_OBJC_LITERAL_CONVERSION = YES;
				CLANG_WARN_OBJC_ROOT_CLASS = YES_ERROR;
				CLANG_WARN_QUOTED_INCLUDE_IN_FRAMEWORK_HEADER = YES;
				CLANG_WARN_RANGE_LOOP_ANALYSIS = YES;
				CLANG_WARN_STRICT_PROTOTYPES = YES;
				CLANG_WARN_SUSPICIOUS_MOVE = YES;
				CLANG_WARN_UNGUARDED_AVAILABILITY = YES_AGGRESSIVE;
				CLANG_WARN_UNREACHABLE_CODE = YES;
				CLANG_WARN__DUPLICATE_METHOD_MATCH = YES;
				COPY_PHASE_STRIP = NO;
				DEBUG_INFORMATION_FORMAT = dwarf;
				ENABLE_STRICT_OBJC_MSGSEND = YES;
				ENABLE_TESTABILITY = YES;
				GCC_C_LANGUAGE_STANDARD = gnu11;
				GCC_DYNAMIC_NO_PIC = NO;
				GCC_NO_COMMON_BLOCKS = YES;
				GCC_OPTIMIZATION_LEVEL = 0;
				GCC_PREPROCESSOR_DEFINITIONS = (
					"DEBUG=1",
					"$(inherited)",
				);
				GCC_WARN_64_TO_32_BIT_CONVERSION = YES;
				GCC_WARN_ABOUT_RETURN_TYPE = YES_ERROR;
				GCC_WARN_UNDECLARED_SELECTOR = YES;
				GCC_WARN_UNINITIALIZED_AUTOS = YES_AGGRESSIVE;
				GCC_WARN_UNUSED_FUNCTION = YES;
				GCC_WARN_UNUSED_VARIABLE = YES;
				IPHONEOS_DEPLOYMENT_TARGET = 15.5;
				MTL_ENABLE_DEBUG_INFO = INCLUDE_SOURCE;
				MTL_FAST_MATH = YES;
				ONLY_ACTIVE_ARCH = YES;
				SDKROOT = iphoneos;
				SWIFT_ACTIVE_COMPILATION_CONDITIONS = DEBUG;
				SWIFT_OPTIMIZATION_LEVEL = "-Onone";
			};
			name = Debug;
		};
		E6651202288F1D5F0099DB86 /* Release */ = {
			isa = XCBuildConfiguration;
			buildSettings = {
				ALWAYS_SEARCH_USER_PATHS = NO;
				CLANG_ANALYZER_NONNULL = YES;
				CLANG_ANALYZER_NUMBER_OBJECT_CONVERSION = YES_AGGRESSIVE;
				CLANG_CXX_LANGUAGE_STANDARD = "gnu++17";
				CLANG_ENABLE_MODULES = YES;
				CLANG_ENABLE_OBJC_ARC = YES;
				CLANG_ENABLE_OBJC_WEAK = YES;
				CLANG_WARN_BLOCK_CAPTURE_AUTORELEASING = YES;
				CLANG_WARN_BOOL_CONVERSION = YES;
				CLANG_WARN_COMMA = YES;
				CLANG_WARN_CONSTANT_CONVERSION = YES;
				CLANG_WARN_DEPRECATED_OBJC_IMPLEMENTATIONS = YES;
				CLANG_WARN_DIRECT_OBJC_ISA_USAGE = YES_ERROR;
				CLANG_WARN_DOCUMENTATION_COMMENTS = YES;
				CLANG_WARN_EMPTY_BODY = YES;
				CLANG_WARN_ENUM_CONVERSION = YES;
				CLANG_WARN_INFINITE_RECURSION = YES;
				CLANG_WARN_INT_CONVERSION = YES;
				CLANG_WARN_NON_LITERAL_NULL_CONVERSION = YES;
				CLANG_WARN_OBJC_IMPLICIT_RETAIN_SELF = YES;
				CLANG_WARN_OBJC_LITERAL_CONVERSION = YES;
				CLANG_WARN_OBJC_ROOT_CLASS = YES_ERROR;
				CLANG_WARN_QUOTED_INCLUDE_IN_FRAMEWORK_HEADER = YES;
				CLANG_WARN_RANGE_LOOP_ANALYSIS = YES;
				CLANG_WARN_STRICT_PROTOTYPES = YES;
				CLANG_WARN_SUSPICIOUS_MOVE = YES;
				CLANG_WARN_UNGUARDED_AVAILABILITY = YES_AGGRESSIVE;
				CLANG_WARN_UNREACHABLE_CODE = YES;
				CLANG_WARN__DUPLICATE_METHOD_MATCH = YES;
				COPY_PHASE_STRIP = NO;
				DEBUG_INFORMATION_FORMAT = "dwarf-with-dsym";
				ENABLE_NS_ASSERTIONS = NO;
				ENABLE_STRICT_OBJC_MSGSEND = YES;
				GCC_C_LANGUAGE_STANDARD = gnu11;
				GCC_NO_COMMON_BLOCKS = YES;
				GCC_WARN_64_TO_32_BIT_CONVERSION = YES;
				GCC_WARN_ABOUT_RETURN_TYPE = YES_ERROR;
				GCC_WARN_UNDECLARED_SELECTOR = YES;
				GCC_WARN_UNINITIALIZED_AUTOS = YES_AGGRESSIVE;
				GCC_WARN_UNUSED_FUNCTION = YES;
				GCC_WARN_UNUSED_VARIABLE = YES;
				IPHONEOS_DEPLOYMENT_TARGET = 15.5;
				MTL_ENABLE_DEBUG_INFO = NO;
				MTL_FAST_MATH = YES;
				SDKROOT = iphoneos;
				SWIFT_COMPILATION_MODE = wholemodule;
				SWIFT_OPTIMIZATION_LEVEL = "-O";
				VALIDATE_PRODUCT = YES;
			};
			name = Release;
		};
		E6651204288F1D5F0099DB86 /* Debug */ = {
			isa = XCBuildConfiguration;
			buildSettings = {
				ASSETCATALOG_COMPILER_APPICON_NAME = AppIcon;
				ASSETCATALOG_COMPILER_GLOBAL_ACCENT_COLOR_NAME = AccentColor;
				CODE_SIGN_STYLE = Automatic;
				CURRENT_PROJECT_VERSION = 1;
				DEVELOPMENT_ASSET_PATHS = "\"FoodySwiftUI/Preview Content\"";
				DEVELOPMENT_TEAM = 5DQ8MXBPU4;
				ENABLE_PREVIEWS = YES;
				GENERATE_INFOPLIST_FILE = YES;
				INFOPLIST_KEY_UIApplicationSceneManifest_Generation = YES;
				INFOPLIST_KEY_UIApplicationSupportsIndirectInputEvents = YES;
				INFOPLIST_KEY_UILaunchScreen_Generation = YES;
				INFOPLIST_KEY_UISupportedInterfaceOrientations_iPad = "UIInterfaceOrientationPortrait UIInterfaceOrientationPortraitUpsideDown UIInterfaceOrientationLandscapeLeft UIInterfaceOrientationLandscapeRight";
				INFOPLIST_KEY_UISupportedInterfaceOrientations_iPhone = "UIInterfaceOrientationPortrait UIInterfaceOrientationLandscapeLeft UIInterfaceOrientationLandscapeRight";
				LD_RUNPATH_SEARCH_PATHS = (
					"$(inherited)",
					"@executable_path/Frameworks",
				);
				MARKETING_VERSION = 1.0;
				PRODUCT_BUNDLE_IDENTIFIER = eng.edpad.FoodySwiftUI;
				PRODUCT_NAME = "$(TARGET_NAME)";
				SWIFT_EMIT_LOC_STRINGS = YES;
				SWIFT_VERSION = 5.0;
				TARGETED_DEVICE_FAMILY = "1,2";
			};
			name = Debug;
		};
		E6651205288F1D5F0099DB86 /* Release */ = {
			isa = XCBuildConfiguration;
			buildSettings = {
				ASSETCATALOG_COMPILER_APPICON_NAME = AppIcon;
				ASSETCATALOG_COMPILER_GLOBAL_ACCENT_COLOR_NAME = AccentColor;
				CODE_SIGN_STYLE = Automatic;
				CURRENT_PROJECT_VERSION = 1;
				DEVELOPMENT_ASSET_PATHS = "\"FoodySwiftUI/Preview Content\"";
				DEVELOPMENT_TEAM = 5DQ8MXBPU4;
				ENABLE_PREVIEWS = YES;
				GENERATE_INFOPLIST_FILE = YES;
				INFOPLIST_KEY_UIApplicationSceneManifest_Generation = YES;
				INFOPLIST_KEY_UIApplicationSupportsIndirectInputEvents = YES;
				INFOPLIST_KEY_UILaunchScreen_Generation = YES;
				INFOPLIST_KEY_UISupportedInterfaceOrientations_iPad = "UIInterfaceOrientationPortrait UIInterfaceOrientationPortraitUpsideDown UIInterfaceOrientationLandscapeLeft UIInterfaceOrientationLandscapeRight";
				INFOPLIST_KEY_UISupportedInterfaceOrientations_iPhone = "UIInterfaceOrientationPortrait UIInterfaceOrientationLandscapeLeft UIInterfaceOrientationLandscapeRight";
				LD_RUNPATH_SEARCH_PATHS = (
					"$(inherited)",
					"@executable_path/Frameworks",
				);
				MARKETING_VERSION = 1.0;
				PRODUCT_BUNDLE_IDENTIFIER = eng.edpad.FoodySwiftUI;
				PRODUCT_NAME = "$(TARGET_NAME)";
				SWIFT_EMIT_LOC_STRINGS = YES;
				SWIFT_VERSION = 5.0;
				TARGETED_DEVICE_FAMILY = "1,2";
			};
			name = Release;
		};
/* End XCBuildConfiguration section */

/* Begin XCConfigurationList section */
		E66511F0288F1D5C0099DB86 /* Build configuration list for PBXProject "FoodySwiftUI" */ = {
			isa = XCConfigurationList;
			buildConfigurations = (
				E6651201288F1D5F0099DB86 /* Debug */,
				E6651202288F1D5F0099DB86 /* Release */,
			);
			defaultConfigurationIsVisible = 0;
			defaultConfigurationName = Release;
		};
		E6651203288F1D5F0099DB86 /* Build configuration list for PBXNativeTarget "FoodySwiftUI" */ = {
			isa = XCConfigurationList;
			buildConfigurations = (
				E6651204288F1D5F0099DB86 /* Debug */,
				E6651205288F1D5F0099DB86 /* Release */,
			);
			defaultConfigurationIsVisible = 0;
			defaultConfigurationName = Release;
		};
/* End XCConfigurationList section */
	};
	rootObject = E66511ED288F1D5C0099DB86 /* Project object */;
}
